
Microsoft Visual Studio Solution File, Format Version 12.00
# Visual Studio Version 17
VisualStudioVersion = 17.7.34018.315
MinimumVisualStudioVersion = 10.0.40219.1
Project("{FAE04EC0-301F-11D3-BF4B-00C04F79EFBC}") = "Uppgift 2.5", "Uppgift 2.5\Uppgift 2.5.csproj", "{B9A8C445-0130-4F75-9D88-F7EF32EC6EFB}"
EndProject
Global
	GlobalSection(SolutionConfigurationPlatforms) = preSolution
		Debug|Any CPU = Debug|Any CPU
		Release|Any CPU = Release|Any CPU
	EndGlobalSection
	GlobalSection(ProjectConfigurationPlatforms) = postSolution
		{B9A8C445-0130-4F75-9D88-F7EF32EC6EFB}.Debug|Any CPU.ActiveCfg = Debug|Any CPU
		{B9A8C445-0130-4F75-9D88-F7EF32EC6EFB}.Debug|Any CPU.Build.0 = Debug|Any CPU
		{B9A8C445-0130-4F75-9D88-F7EF32EC6EFB}.Release|Any CPU.ActiveCfg = Release|Any CPU
		{B9A8C445-0130-4F75-9D88-F7EF32EC6EFB}.Release|Any CPU.Build.0 = Release|Any CPU
	EndGlobalSection
	GlobalSection(SolutionProperties) = preSolution
		HideSolutionNode = FALSE
	EndGlobalSection
	GlobalSection(ExtensibilityGlobals) = postSolution
		SolutionGuid = {1EE40501-0D64-4D96-8289-3F8355CDCC48}
	EndGlobalSection
EndGlobal
